
Microsoft Visual Studio Solution File, Format Version 12.00
# Visual Studio Version 16
VisualStudioVersion = 16.0.30517.126
MinimumVisualStudioVersion = 10.0.40219.1
Project("{9A19103F-16F7-4668-BE54-9A1E7A4F7556}") = "BikiniBottomMall", "BikiniBottomMall\BikiniBottomMall.csproj", "{5D776488-8669-41DD-A61F-261B2A1875B7}"
EndProject
Global
	GlobalSection(SolutionConfigurationPlatforms) = preSolution
		Debug|Any CPU = Debug|Any CPU
		Debugger|Any CPU = Debugger|Any CPU
		Release|Any CPU = Release|Any CPU
		releaser|Any CPU = releaser|Any CPU
	EndGlobalSection
	GlobalSection(ProjectConfigurationPlatforms) = postSolution
		{5D776488-8669-41DD-A61F-261B2A1875B7}.Debug|Any CPU.ActiveCfg = newdebug|Any CPU
		{5D776488-8669-41DD-A61F-261B2A1875B7}.Debugger|Any CPU.ActiveCfg = Debugger|Any CPU
		{5D776488-8669-41DD-A61F-261B2A1875B7}.Debugger|Any CPU.Build.0 = Debugger|Any CPU
		{5D776488-8669-41DD-A61F-261B2A1875B7}.Release|Any CPU.ActiveCfg = Release|Any CPU
		{5D776488-8669-41DD-A61F-261B2A1875B7}.releaser|Any CPU.ActiveCfg = releaser|Any CPU
		{5D776488-8669-41DD-A61F-261B2A1875B7}.releaser|Any CPU.Build.0 = releaser|Any CPU
	EndGlobalSection
	GlobalSection(SolutionProperties) = preSolution
		HideSolutionNode = FALSE
	EndGlobalSection
	GlobalSection(ExtensibilityGlobals) = postSolution
		SolutionGuid = {FCCE057B-01EB-4EF3-8256-B9001B59697F}
	EndGlobalSection
EndGlobal
